// !$*UTF8*$!
{
	archiveVersion = 1;
	classes = {
	};
	objectVersion = 46;
	objects = {

/* Begin PBXBuildFile section */
		FC37BDCE1CC0BDB9008F1BE7 /* main.m in Sources */ = {isa = PBXBuildFile; fileRef = FC37BDCD1CC0BDB9008F1BE7 /* main.m */; };
		FC37BDD11CC0BDB9008F1BE7 /* AppDelegate.m in Sources */ = {isa = PBXBuildFile; fileRef = FC37BDD01CC0BDB9008F1BE7 /* AppDelegate.m */; };
		FC37BDD41CC0BDB9008F1BE7 /* ViewController.m in Sources */ = {isa = PBXBuildFile; fileRef = FC37BDD31CC0BDB9008F1BE7 /* ViewController.m */; };
		FC37BDD71CC0BDB9008F1BE7 /* Main.storyboard in Resources */ = {isa = PBXBuildFile; fileRef = FC37BDD51CC0BDB9008F1BE7 /* Main.storyboard */; };
		FC37BDD91CC0BDB9008F1BE7 /* Assets.xcassets in Resources */ = {isa = PBXBuildFile; fileRef = FC37BDD81CC0BDB9008F1BE7 /* Assets.xcassets */; };
		FC37BDDC1CC0BDB9008F1BE7 /* LaunchScreen.storyboard in Resources */ = {isa = PBXBuildFile; fileRef = FC37BDDA1CC0BDB9008F1BE7 /* LaunchScreen.storyboard */; };
		FC37BDE71CC0BDB9008F1BE7 /* CollectionViewStoryboardTests.m in Sources */ = {isa = PBXBuildFile; fileRef = FC37BDE61CC0BDB9008F1BE7 /* CollectionViewStoryboardTests.m */; };
		FC37BDF21CC0BDB9008F1BE7 /* CollectionViewStoryboardUITests.m in Sources */ = {isa = PBXBuildFile; fileRef = FC37BDF11CC0BDB9008F1BE7 /* CollectionViewStoryboardUITests.m */; };
/* End PBXBuildFile section */

/* Begin PBXContainerItemProxy section */
		FC37BDE31CC0BDB9008F1BE7 /* PBXContainerItemProxy */ = {
			isa = PBXContainerItemProxy;
			containerPortal = FC37BDC11CC0BDB9008F1BE7 /* Project object */;
			proxyType = 1;
			remoteGlobalIDString = FC37BDC81CC0BDB9008F1BE7;
			remoteInfo = CollectionViewStoryboard;
		};
		FC37BDEE1CC0BDB9008F1BE7 /* PBXContainerItemProxy */ = {
			isa = PBXContainerItemProxy;
			containerPortal = FC37BDC11CC0BDB9008F1BE7 /* Project object */;
			proxyType = 1;
			remoteGlobalIDString = FC37BDC81CC0BDB9008F1BE7;
			remoteInfo = CollectionViewStoryboard;
		};
/* End PBXContainerItemProxy section */

/* Begin PBXFileReference section */
		FC37BDC91CC0BDB9008F1BE7 /* CollectionViewStoryboard.app */ = {isa = PBXFileReference; explicitFileType = wrapper.application; includeInIndex = 0; path = CollectionViewStoryboard.app; sourceTree = BUILT_PRODUCTS_DIR; };
		FC37BDCD1CC0BDB9008F1BE7 /* main.m */ = {isa = PBXFileReference; lastKnownFileType = sourcecode.c.objc; path = main.m; sourceTree = "<group>"; };
		FC37BDCF1CC0BDB9008F1BE7 /* AppDelegate.h */ = {isa = PBXFileReference; lastKnownFileType = sourcecode.c.h; path = AppDelegate.h; sourceTree = "<group>"; };
		FC37BDD01CC0BDB9008F1BE7 /* AppDelegate.m */ = {isa = PBXFileReference; lastKnownFileType = sourcecode.c.objc; path = AppDelegate.m; sourceTree = "<group>"; };
		FC37BDD21CC0BDB9008F1BE7 /* ViewController.h */ = {isa = PBXFileReference; lastKnownFileType = sourcecode.c.h; path = ViewController.h; sourceTree = "<group>"; };
		FC37BDD31CC0BDB9008F1BE7 /* ViewController.m */ = {isa = PBXFileReference; lastKnownFileType = sourcecode.c.objc; path = ViewController.m; sourceTree = "<group>"; };
		FC37BDD61CC0BDB9008F1BE7 /* Base */ = {isa = PBXFileReference; lastKnownFileType = file.storyboard; name = Base; path = Base.lproj/Main.storyboard; sourceTree = "<group>"; };
		FC37BDD81CC0BDB9008F1BE7 /* Assets.xcassets */ = {isa = PBXFileReference; lastKnownFileType = folder.assetcatalog; path = Assets.xcassets; sourceTree = "<group>"; };
		FC37BDDB1CC0BDB9008F1BE7 /* Base */ = {isa = PBXFileReference; lastKnownFileType = file.storyboard; name = Base; path = Base.lproj/LaunchScreen.storyboard; sourceTree = "<group>"; };
		FC37BDDD1CC0BDB9008F1BE7 /* Info.plist */ = {isa = PBXFileReference; lastKnownFileType = text.plist.xml; path = Info.plist; sourceTree = "<group>"; };
		FC37BDE21CC0BDB9008F1BE7 /* CollectionViewStoryboardTests.xctest */ = {isa = PBXFileReference; explicitFileType = wrapper.cfbundle; includeInIndex = 0; path = CollectionViewStoryboardTests.xctest; sourceTree = BUILT_PRODUCTS_DIR; };
		FC37BDE61CC0BDB9008F1BE7 /* CollectionViewStoryboardTests.m */ = {isa = PBXFileReference; lastKnownFileType = sourcecode.c.objc; path = CollectionViewStoryboardTests.m; sourceTree = "<group>"; };
		FC37BDE81CC0BDB9008F1BE7 /* Info.plist */ = {isa = PBXFileReference; lastKnownFileType = text.plist.xml; path = Info.plist; sourceTree = "<group>"; };
		FC37BDED1CC0BDB9008F1BE7 /* CollectionViewStoryboardUITests.xctest */ = {isa = PBXFileReference; explicitFileType = wrapper.cfbundle; includeInIndex = 0; path = CollectionViewStoryboardUITests.xctest; sourceTree = BUILT_PRODUCTS_DIR; };
		FC37BDF11CC0BDB9008F1BE7 /* CollectionViewStoryboardUITests.m */ = {isa = PBXFileReference; lastKnownFileType = sourcecode.c.objc; path = CollectionViewStoryboardUITests.m; sourceTree = "<group>"; };
		FC37BDF31CC0BDB9008F1BE7 /* Info.plist */ = {isa = PBXFileReference; lastKnownFileType = text.plist.xml; path = Info.plist; sourceTree = "<group>"; };
/* End PBXFileReference section */

/* Begin PBXFrameworksBuildPhase section */
		FC37BDC61CC0BDB9008F1BE7 /* Frameworks */ = {
			isa = PBXFrameworksBuildPhase;
			buildActionMask = 2147483647;
			files = (
			);
			runOnlyForDeploymentPostprocessing = 0;
		};
		FC37BDDF1CC0BDB9008F1BE7 /* Frameworks */ = {
			isa = PBXFrameworksBuildPhase;
			buildActionMask = 2147483647;
			files = (
			);
			runOnlyForDeploymentPostprocessing = 0;
		};
		FC37BDEA1CC0BDB9008F1BE7 /* Frameworks */ = {
			isa = PBXFrameworksBuildPhase;
			buildActionMask = 2147483647;
			files = (
			);
			runOnlyForDeploymentPostprocessing = 0;
		};
/* End PBXFrameworksBuildPhase section */

/* Begin PBXGroup section */
		FC37BDC01CC0BDB9008F1BE7 = {
			isa = PBXGroup;
			children = (
				FC37BDCB1CC0BDB9008F1BE7 /* CollectionViewStoryboard */,
				FC37BDE51CC0BDB9008F1BE7 /* CollectionViewStoryboardTests */,
				FC37BDF01CC0BDB9008F1BE7 /* CollectionViewStoryboardUITests */,
				FC37BDCA1CC0BDB9008F1BE7 /* Products */,
			);
			sourceTree = "<group>";
		};
		FC37BDCA1CC0BDB9008F1BE7 /* Products */ = {
			isa = PBXGroup;
			children = (
				FC37BDC91CC0BDB9008F1BE7 /* CollectionViewStoryboard.app */,
				FC37BDE21CC0BDB9008F1BE7 /* CollectionViewStoryboardTests.xctest */,
				FC37BDED1CC0BDB9008F1BE7 /* CollectionViewStoryboardUITests.xctest */,
			);
			name = Products;
			sourceTree = "<group>";
		};
		FC37BDCB1CC0BDB9008F1BE7 /* CollectionViewStoryboard */ = {
			isa = PBXGroup;
			children = (
				FC37BDCF1CC0BDB9008F1BE7 /* AppDelegate.h */,
				FC37BDD01CC0BDB9008F1BE7 /* AppDelegate.m */,
				FC37BDD21CC0BDB9008F1BE7 /* ViewController.h */,
				FC37BDD31CC0BDB9008F1BE7 /* ViewController.m */,
				FC37BDD51CC0BDB9008F1BE7 /* Main.storyboard */,
				FC37BDD81CC0BDB9008F1BE7 /* Assets.xcassets */,
				FC37BDDA1CC0BDB9008F1BE7 /* LaunchScreen.storyboard */,
				FC37BDDD1CC0BDB9008F1BE7 /* Info.plist */,
				FC37BDCC1CC0BDB9008F1BE7 /* Supporting Files */,
			);
			path = CollectionViewStoryboard;
			sourceTree = "<group>";
		};
		FC37BDCC1CC0BDB9008F1BE7 /* Supporting Files */ = {
			isa = PBXGroup;
			children = (
				FC37BDCD1CC0BDB9008F1BE7 /* main.m */,
			);
			name = "Supporting Files";
			sourceTree = "<group>";
		};
		FC37BDE51CC0BDB9008F1BE7 /* CollectionViewStoryboardTests */ = {
			isa = PBXGroup;
			children = (
				FC37BDE61CC0BDB9008F1BE7 /* CollectionViewStoryboardTests.m */,
				FC37BDE81CC0BDB9008F1BE7 /* Info.plist */,
			);
			path = CollectionViewStoryboardTests;
			sourceTree = "<group>";
		};
		FC37BDF01CC0BDB9008F1BE7 /* CollectionViewStoryboardUITests */ = {
			isa = PBXGroup;
			children = (
				FC37BDF11CC0BDB9008F1BE7 /* CollectionViewStoryboardUITests.m */,
				FC37BDF31CC0BDB9008F1BE7 /* Info.plist */,
			);
			path = CollectionViewStoryboardUITests;
			sourceTree = "<group>";
		};
/* End PBXGroup section */

/* Begin PBXNativeTarget section */
		FC37BDC81CC0BDB9008F1BE7 /* CollectionViewStoryboard */ = {
			isa = PBXNativeTarget;
			buildConfigurationList = FC37BDF61CC0BDB9008F1BE7 /* Build configuration list for PBXNativeTarget "CollectionViewStoryboard" */;
			buildPhases = (
				FC37BDC51CC0BDB9008F1BE7 /* Sources */,
				FC37BDC61CC0BDB9008F1BE7 /* Frameworks */,
				FC37BDC71CC0BDB9008F1BE7 /* Resources */,
			);
			buildRules = (
			);
			dependencies = (
			);
			name = CollectionViewStoryboard;
			productName = CollectionViewStoryboard;
			productReference = FC37BDC91CC0BDB9008F1BE7 /* CollectionViewStoryboard.app */;
			productType = "com.apple.product-type.application";
		};
		FC37BDE11CC0BDB9008F1BE7 /* CollectionViewStoryboardTests */ = {
			isa = PBXNativeTarget;
			buildConfigurationList = FC37BDF91CC0BDB9008F1BE7 /* Build configuration list for PBXNativeTarget "CollectionViewStoryboardTests" */;
			buildPhases = (
				FC37BDDE1CC0BDB9008F1BE7 /* Sources */,
				FC37BDDF1CC0BDB9008F1BE7 /* Frameworks */,
				FC37BDE01CC0BDB9008F1BE7 /* Resources */,
			);
			buildRules = (
			);
			dependencies = (
				FC37BDE41CC0BDB9008F1BE7 /* PBXTargetDependency */,
			);
			name = CollectionViewStoryboardTests;
			productName = CollectionViewStoryboardTests;
			productReference = FC37BDE21CC0BDB9008F1BE7 /* CollectionViewStoryboardTests.xctest */;
			productType = "com.apple.product-type.bundle.unit-test";
		};
		FC37BDEC1CC0BDB9008F1BE7 /* CollectionViewStoryboardUITests */ = {
			isa = PBXNativeTarget;
			buildConfigurationList = FC37BDFC1CC0BDB9008F1BE7 /* Build configuration list for PBXNativeTarget "CollectionViewStoryboardUITests" */;
			buildPhases = (
				FC37BDE91CC0BDB9008F1BE7 /* Sources */,
				FC37BDEA1CC0BDB9008F1BE7 /* Frameworks */,
				FC37BDEB1CC0BDB9008F1BE7 /* Resources */,
			);
			buildRules = (
			);
			dependencies = (
				FC37BDEF1CC0BDB9008F1BE7 /* PBXTargetDependency */,
			);
			name = CollectionViewStoryboardUITests;
			productName = CollectionViewStoryboardUITests;
			productReference = FC37BDED1CC0BDB9008F1BE7 /* CollectionViewStoryboardUITests.xctest */;
			productType = "com.apple.product-type.bundle.ui-testing";
		};
/* End PBXNativeTarget section */

/* Begin PBXProject section */
		FC37BDC11CC0BDB9008F1BE7 /* Project object */ = {
			isa = PBXProject;
			attributes = {
				LastUpgradeCheck = 0730;
				ORGANIZATIONNAME = ssn;
				TargetAttributes = {
					FC37BDC81CC0BDB9008F1BE7 = {
						CreatedOnToolsVersion = 7.3;
					};
					FC37BDE11CC0BDB9008F1BE7 = {
						CreatedOnToolsVersion = 7.3;
						TestTargetID = FC37BDC81CC0BDB9008F1BE7;
					};
					FC37BDEC1CC0BDB9008F1BE7 = {
						CreatedOnToolsVersion = 7.3;
						TestTargetID = FC37BDC81CC0BDB9008F1BE7;
					};
				};
			};
			buildConfigurationList = FC37BDC41CC0BDB9008F1BE7 /* Build configuration list for PBXProject "CollectionViewStoryboard" */;
			compatibilityVersion = "Xcode 3.2";
			developmentRegion = English;
			hasScannedForEncodings = 0;
			knownRegions = (
				en,
				Base,
			);
			mainGroup = FC37BDC01CC0BDB9008F1BE7;
			productRefGroup = FC37BDCA1CC0BDB9008F1BE7 /* Products */;
			projectDirPath = "";
			projectRoot = "";
			targets = (
				FC37BDC81CC0BDB9008F1BE7 /* CollectionViewStoryboard */,
				FC37BDE11CC0BDB9008F1BE7 /* CollectionViewStoryboardTests */,
				FC37BDEC1CC0BDB9008F1BE7 /* CollectionViewStoryboardUITests */,
			);
		};
/* End PBXProject section */

/* Begin PBXResourcesBuildPhase section */
		FC37BDC71CC0BDB9008F1BE7 /* Resources */ = {
			isa = PBXResourcesBuildPhase;
			buildActionMask = 2147483647;
			files = (
				FC37BDDC1CC0BDB9008F1BE7 /* LaunchScreen.storyboard in Resources */,
				FC37BDD91CC0BDB9008F1BE7 /* Assets.xcassets in Resources */,
				FC37BDD71CC0BDB9008F1BE7 /* Main.storyboard in Resources */,
			);
			runOnlyForDeploymentPostprocessing = 0;
		};
		FC37BDE01CC0BDB9008F1BE7 /* Resources */ = {
			isa = PBXResourcesBuildPhase;
			buildActionMask = 2147483647;
			files = (
			);
			runOnlyForDeploymentPostprocessing = 0;
		};
		FC37BDEB1CC0BDB9008F1BE7 /* Resources */ = {
			isa = PBXResourcesBuildPhase;
			buildActionMask = 2147483647;
			files = (
			);
			runOnlyForDeploymentPostprocessing = 0;
		};
/* End PBXResourcesBuildPhase section */

/* Begin PBXSourcesBuildPhase section */
		FC37BDC51CC0BDB9008F1BE7 /* Sources */ = {
			isa = PBXSourcesBuildPhase;
			buildActionMask = 2147483647;
			files = (
				FC37BDD41CC0BDB9008F1BE7 /* ViewController.m in Sources */,
				FC37BDD11CC0BDB9008F1BE7 /* AppDelegate.m in Sources */,
				FC37BDCE1CC0BDB9008F1BE7 /* main.m in Sources */,
			);
			runOnlyForDeploymentPostprocessing = 0;
		};
		FC37BDDE1CC0BDB9008F1BE7 /* Sources */ = {
			isa = PBXSourcesBuildPhase;
			buildActionMask = 2147483647;
			files = (
				FC37BDE71CC0BDB9008F1BE7 /* CollectionViewStoryboardTests.m in Sources */,
			);
			runOnlyForDeploymentPostprocessing = 0;
		};
		FC37BDE91CC0BDB9008F1BE7 /* Sources */ = {
			isa = PBXSourcesBuildPhase;
			buildActionMask = 2147483647;
			files = (
				FC37BDF21CC0BDB9008F1BE7 /* CollectionViewStoryboardUITests.m in Sources */,
			);
			runOnlyForDeploymentPostprocessing = 0;
		};
/* End PBXSourcesBuildPhase section */

/* Begin PBXTargetDependency section */
		FC37BDE41CC0BDB9008F1BE7 /* PBXTargetDependency */ = {
			isa = PBXTargetDependency;
			target = FC37BDC81CC0BDB9008F1BE7 /* CollectionViewStoryboard */;
			targetProxy = FC37BDE31CC0BDB9008F1BE7 /* PBXContainerItemProxy */;
		};
		FC37BDEF1CC0BDB9008F1BE7 /* PBXTargetDependency */ = {
			isa = PBXTargetDependency;
			target = FC37BDC81CC0BDB9008F1BE7 /* CollectionViewStoryboard */;
			targetProxy = FC37BDEE1CC0BDB9008F1BE7 /* PBXContainerItemProxy */;
		};
/* End PBXTargetDependency section */

/* Begin PBXVariantGroup section */
		FC37BDD51CC0BDB9008F1BE7 /* Main.storyboard */ = {
			isa = PBXVariantGroup;
			children = (
				FC37BDD61CC0BDB9008F1BE7 /* Base */,
			);
			name = Main.storyboard;
			sourceTree = "<group>";
		};
		FC37BDDA1CC0BDB9008F1BE7 /* LaunchScreen.storyboard */ = {
			isa = PBXVariantGroup;
			children = (
				FC37BDDB1CC0BDB9008F1BE7 /* Base */,
			);
			name = LaunchScreen.storyboard;
			sourceTree = "<group>";
		};
/* End PBXVariantGroup section */

/* Begin XCBuildConfiguration section */
		FC37BDF41CC0BDB9008F1BE7 /* Debug */ = {
			isa = XCBuildConfiguration;
			buildSettings = {
				ALWAYS_SEARCH_USER_PATHS = NO;
				CLANG_ANALYZER_NONNULL = YES;
				CLANG_CXX_LANGUAGE_STANDARD = "gnu++0x";
				CLANG_CXX_LIBRARY = "libc++";
				CLANG_ENABLE_MODULES = YES;
				CLANG_ENABLE_OBJC_ARC = YES;
				CLANG_WARN_BOOL_CONVERSION = YES;
				CLANG_WARN_CONSTANT_CONVERSION = YES;
				CLANG_WARN_DIRECT_OBJC_ISA_USAGE = YES_ERROR;
				CLANG_WARN_EMPTY_BODY = YES;
				CLANG_WARN_ENUM_CONVERSION = YES;
				CLANG_WARN_INT_CONVERSION = YES;
				CLANG_WARN_OBJC_ROOT_CLASS = YES_ERROR;
				CLANG_WARN_UNREACHABLE_CODE = YES;
				CLANG_WARN__DUPLICATE_METHOD_MATCH = YES;
				"CODE_SIGN_IDENTITY[sdk=iphoneos*]" = "iPhone Developer";
				COPY_PHASE_STRIP = NO;
				DEBUG_INFORMATION_FORMAT = dwarf;
				ENABLE_STRICT_OBJC_MSGSEND = YES;
				ENABLE_TESTABILITY = YES;
				GCC_C_LANGUAGE_STANDARD = gnu99;
				GCC_DYNAMIC_NO_PIC = NO;
				GCC_NO_COMMON_BLOCKS = YES;
				GCC_OPTIMIZATION_LEVEL = 0;
				GCC_PREPROCESSOR_DEFINITIONS = (
					"DEBUG=1",
					"$(inherited)",
				);
				GCC_WARN_64_TO_32_BIT_CONVERSION = YES;
				GCC_WARN_ABOUT_RETURN_TYPE = YES_ERROR;
				GCC_WARN_UNDECLARED_SELECTOR = YES;
				GCC_WARN_UNINITIALIZED_AUTOS = YES_AGGRESSIVE;
				GCC_WARN_UNUSED_FUNCTION = YES;
				GCC_WARN_UNUSED_VARIABLE = YES;
				IPHONEOS_DEPLOYMENT_TARGET = 9.3;
				MTL_ENABLE_DEBUG_INFO = YES;
				ONLY_ACTIVE_ARCH = YES;
				SDKROOT = iphoneos;
				TARGETED_DEVICE_FAMILY = "1,2";
			};
			name = Debug;
		};
		FC37BDF51CC0BDB9008F1BE7 /* Release */ = {
			isa = XCBuildConfiguration;
			buildSettings = {
				ALWAYS_SEARCH_USER_PATHS = NO;
				CLANG_ANALYZER_NONNULL = YES;
				CLANG_CXX_LANGUAGE_STANDARD = "gnu++0x";
				CLANG_CXX_LIBRARY = "libc++";
				CLANG_ENABLE_MODULES = YES;
				CLANG_ENABLE_OBJC_ARC = YES;
				CLANG_WARN_BOOL_CONVERSION = YES;
				CLANG_WARN_CONSTANT_CONVERSION = YES;
				CLANG_WARN_DIRECT_OBJC_ISA_USAGE = YES_ERROR;
				CLANG_WARN_EMPTY_BODY = YES;
				CLANG_WARN_ENUM_CONVERSION = YES;
				CLANG_WARN_INT_CONVERSION = YES;
				CLANG_WARN_OBJC_ROOT_CLASS = YES_ERROR;
				CLANG_WARN_UNREACHABLE_CODE = YES;
				CLANG_WARN__DUPLICATE_METHOD_MATCH = YES;
				"CODE_SIGN_IDENTITY[sdk=iphoneos*]" = "iPhone Developer";
				COPY_PHASE_STRIP = NO;
				DEBUG_INFORMATION_FORMAT = "dwarf-with-dsym";
				ENABLE_NS_ASSERTIONS = NO;
				ENABLE_STRICT_OBJC_MSGSEND = YES;
				GCC_C_LANGUAGE_STANDARD = gnu99;
				GCC_NO_COMMON_BLOCKS = YES;
				GCC_WARN_64_TO_32_BIT_CONVERSION = YES;
				GCC_WARN_ABOUT_RETURN_TYPE = YES_ERROR;
				GCC_WARN_UNDECLARED_SELECTOR = YES;
				GCC_WARN_UNINITIALIZED_AUTOS = YES_AGGRESSIVE;
				GCC_WARN_UNUSED_FUNCTION = YES;
				GCC_WARN_UNUSED_VARIABLE = YES;
				IPHONEOS_DEPLOYMENT_TARGET = 9.3;
				MTL_ENABLE_DEBUG_INFO = NO;
				SDKROOT = iphoneos;
				TARGETED_DEVICE_FAMILY = "1,2";
				VALIDATE_PRODUCT = YES;
			};
			name = Release;
		};
		FC37BDF71CC0BDB9008F1BE7 /* Debug */ = {
			isa = XCBuildConfiguration;
			buildSettings = {
				ASSETCATALOG_COMPILER_APPICON_NAME = AppIcon;
				INFOPLIST_FILE = CollectionViewStoryboard/Info.plist;
				LD_RUNPATH_SEARCH_PATHS = "$(inherited) @executable_path/Frameworks";
				PRODUCT_BUNDLE_IDENTIFIER = com.ssn.CollectionViewStoryboard;
				PRODUCT_NAME = "$(TARGET_NAME)";
			};
			name = Debug;
		};
		FC37BDF81CC0BDB9008F1BE7 /* Release */ = {
			isa = XCBuildConfiguration;
			buildSettings = {
				ASSETCATALOG_COMPILER_APPICON_NAME = AppIcon;
				INFOPLIST_FILE = CollectionViewStoryboard/Info.plist;
				LD_RUNPATH_SEARCH_PATHS = "$(inherited) @executable_path/Frameworks";
				PRODUCT_BUNDLE_IDENTIFIER = com.ssn.CollectionViewStoryboard;
				PRODUCT_NAME = "$(TARGET_NAME)";
			};
			name = Release;
		};
		FC37BDFA1CC0BDB9008F1BE7 /* Debug */ = {
			isa = XCBuildConfiguration;
			buildSettings = {
				BUNDLE_LOADER = "$(TEST_HOST)";
				INFOPLIST_FILE = CollectionViewStoryboardTests/Info.plist;
				LD_RUNPATH_SEARCH_PATHS = "$(inherited) @executable_path/Frameworks @loader_path/Frameworks";
				PRODUCT_BUNDLE_IDENTIFIER = com.ssn.CollectionViewStoryboardTests;
				PRODUCT_NAME = "$(TARGET_NAME)";
				TEST_HOST = "$(BUILT_PRODUCTS_DIR)/CollectionViewStoryboard.app/CollectionViewStoryboard";
			};
			name = Debug;
		};
		FC37BDFB1CC0BDB9008F1BE7 /* Release */ = {
			isa = XCBuildConfiguration;
			buildSettings = {
				BUNDLE_LOADER = "$(TEST_HOST)";
				INFOPLIST_FILE = CollectionViewStoryboardTests/Info.plist;
				LD_RUNPATH_SEARCH_PATHS = "$(inherited) @executable_path/Frameworks @loader_path/Frameworks";
				PRODUCT_BUNDLE_IDENTIFIER = com.ssn.CollectionViewStoryboardTests;
				PRODUCT_NAME = "$(TARGET_NAME)";
				TEST_HOST = "$(BUILT_PRODUCTS_DIR)/CollectionViewStoryboard.app/CollectionViewStoryboard";
			};
			name = Release;
		};
		FC37BDFD1CC0BDB9008F1BE7 /* Debug */ = {
			isa = XCBuildConfiguration;
			buildSettings = {
				INFOPLIST_FILE = CollectionViewStoryboardUITests/Info.plist;
				LD_RUNPATH_SEARCH_PATHS = "$(inherited) @executable_path/Frameworks @loader_path/Frameworks";
				PRODUCT_BUNDLE_IDENTIFIER = com.ssn.CollectionViewStoryboardUITests;
				PRODUCT_NAME = "$(TARGET_NAME)";
				TEST_TARGET_NAME = CollectionViewStoryboard;
			};
			name = Debug;
		};
		FC37BDFE1CC0BDB9008F1BE7 /* Release */ = {
			isa = XCBuildConfiguration;
			buildSettings = {
				INFOPLIST_FILE = CollectionViewStoryboardUITests/Info.plist;
				LD_RUNPATH_SEARCH_PATHS = "$(inherited) @executable_path/Frameworks @loader_path/Frameworks";
				PRODUCT_BUNDLE_IDENTIFIER = com.ssn.CollectionViewStoryboardUITests;
				PRODUCT_NAME = "$(TARGET_NAME)";
				TEST_TARGET_NAME = CollectionViewStoryboard;
			};
			name = Release;
		};
/* End XCBuildConfiguration section */

/* Begin XCConfigurationList section */
		FC37BDC41CC0BDB9008F1BE7 /* Build configuration list for PBXProject "CollectionViewStoryboard" */ = {
			isa = XCConfigurationList;
			buildConfigurations = (
				FC37BDF41CC0BDB9008F1BE7 /* Debug */,
				FC37BDF51CC0BDB9008F1BE7 /* Release */,
			);
			defaultConfigurationIsVisible = 0;
			defaultConfigurationName = Release;
		};
		FC37BDF61CC0BDB9008F1BE7 /* Build configuration list for PBXNativeTarget "CollectionViewStoryboard" */ = {
			isa = XCConfigurationList;
			buildConfigurations = (
				FC37BDF71CC0BDB9008F1BE7 /* Debug */,
				FC37BDF81CC0BDB9008F1BE7 /* Release */,
			);
			defaultConfigurationIsVisible = 0;
		};
		FC37BDF91CC0BDB9008F1BE7 /* Build configuration list for PBXNativeTarget "CollectionViewStoryboardTests" */ = {
			isa = XCConfigurationList;
			buildConfigurations = (
				FC37BDFA1CC0BDB9008F1BE7 /* Debug */,
				FC37BDFB1CC0BDB9008F1BE7 /* Release */,
			);
			defaultConfigurationIsVisible = 0;
		};
		FC37BDFC1CC0BDB9008F1BE7 /* Build configuration list for PBXNativeTarget "CollectionViewStoryboardUITests" */ = {
			isa = XCConfigurationList;
			buildConfigurations = (
				FC37BDFD1CC0BDB9008F1BE7 /* Debug */,
				FC37BDFE1CC0BDB9008F1BE7 /* Release */,
			);
			defaultConfigurationIsVisible = 0;
		};
/* End XCConfigurationList section */
	};
	rootObject = FC37BDC11CC0BDB9008F1BE7 /* Project object */;
}
